// !$*UTF8*$!
{
	archiveVersion = 1;
	classes = {
	};
	objectVersion = 55;
	objects = {

/* Begin PBXBuildFile section */
		4A3630602742B8F500D4C179 /* Message.swift in Sources */ = {isa = PBXBuildFile; fileRef = 4A36305F2742B8F500D4C179 /* Message.swift */; };
		4A3630622742B98D00D4C179 /* ImageMediaItem.swift in Sources */ = {isa = PBXBuildFile; fileRef = 4A3630612742B98D00D4C179 /* ImageMediaItem.swift */; };
		4A4F796E2742E9DC00154F45 /* GoogleService-Info.plist in Resources */ = {isa = PBXBuildFile; fileRef = 4A4F796D2742E9DC00154F45 /* GoogleService-Info.plist */; };
		4A4F79812743668E00154F45 /* ChatFirestoreStream.swift in Sources */ = {isa = PBXBuildFile; fileRef = 4A4F79802743668E00154F45 /* ChatFirestoreStream.swift */; };
		4A4F798427436CE600154F45 /* FirebaseAuth in Frameworks */ = {isa = PBXBuildFile; productRef = 4A4F798327436CE600154F45 /* FirebaseAuth */; };
		4A4F798627436CE600154F45 /* FirebaseFirestore in Frameworks */ = {isa = PBXBuildFile; productRef = 4A4F798527436CE600154F45 /* FirebaseFirestore */; };
		4A4F798827436CE600154F45 /* FirebaseFirestoreSwift-Beta in Frameworks */ = {isa = PBXBuildFile; productRef = 4A4F798727436CE600154F45 /* FirebaseFirestoreSwift-Beta */; };
		4A4F798A27436CE600154F45 /* FirebaseStorage in Frameworks */ = {isa = PBXBuildFile; productRef = 4A4F798927436CE600154F45 /* FirebaseStorage */; };
		4A4F798C27436E6100154F45 /* UIImage.swift in Sources */ = {isa = PBXBuildFile; fileRef = 4A4F798B27436E6100154F45 /* UIImage.swift */; };
		4A4F798E2743714C00154F45 /* FirebaseStorageManager.swift in Sources */ = {isa = PBXBuildFile; fileRef = 4A4F798D2743714C00154F45 /* FirebaseStorageManager.swift */; };
		4A4F799027437B1E00154F45 /* DatabaseRepresentation.swift in Sources */ = {isa = PBXBuildFile; fileRef = 4A4F798F27437B1E00154F45 /* DatabaseRepresentation.swift */; };
		4A4F799227437F7D00154F45 /* AppController.swift in Sources */ = {isa = PBXBuildFile; fileRef = 4A4F799127437F7D00154F45 /* AppController.swift */; };
		4A4F79942743882700154F45 /* ChannelFirestoreStream.swift in Sources */ = {isa = PBXBuildFile; fileRef = 4A4F79932743882700154F45 /* ChannelFirestoreStream.swift */; };
		4A4F79962743BFFB00154F45 /* UserDefaultManager.swift in Sources */ = {isa = PBXBuildFile; fileRef = 4A4F79952743BFFB00154F45 /* UserDefaultManager.swift */; };
		4A4F79982743D83100154F45 /* StreamError.swift in Sources */ = {isa = PBXBuildFile; fileRef = 4A4F79972743D83100154F45 /* StreamError.swift */; };
		4AC489212742A1420026799D /* AppDelegate.swift in Sources */ = {isa = PBXBuildFile; fileRef = 4AC489202742A1420026799D /* AppDelegate.swift */; };
		4AC4892A2742A1430026799D /* Assets.xcassets in Resources */ = {isa = PBXBuildFile; fileRef = 4AC489292742A1430026799D /* Assets.xcassets */; };
		4AC4892D2742A1430026799D /* LaunchScreen.storyboard in Resources */ = {isa = PBXBuildFile; fileRef = 4AC4892B2742A1430026799D /* LaunchScreen.storyboard */; };
		4AC489522742A1FA0026799D /* MessageKit in Frameworks */ = {isa = PBXBuildFile; productRef = 4AC489512742A1FA0026799D /* MessageKit */; };
		4AC489552742A41B0026799D /* SnapKit in Frameworks */ = {isa = PBXBuildFile; productRef = 4AC489542742A41B0026799D /* SnapKit */; };
		4AC489572742A4E00026799D /* ChatVC.swift in Sources */ = {isa = PBXBuildFile; fileRef = 4AC489562742A4E00026799D /* ChatVC.swift */; };
		4AC489592742A5730026799D /* Sender.swift in Sources */ = {isa = PBXBuildFile; fileRef = 4AC489582742A5730026799D /* Sender.swift */; };
		4AC489662742AA9B0026799D /* LoginVC.swift in Sources */ = {isa = PBXBuildFile; fileRef = 4AC489652742AA9B0026799D /* LoginVC.swift */; };
		4AC489682742AB740026799D /* ChannelVC.swift in Sources */ = {isa = PBXBuildFile; fileRef = 4AC489672742AB740026799D /* ChannelVC.swift */; };
		4AC4896A2742AC020026799D /* Channel.swift in Sources */ = {isa = PBXBuildFile; fileRef = 4AC489692742AC020026799D /* Channel.swift */; };
		4AC4896D2742ACBE0026799D /* BaseNavigationController.swift in Sources */ = {isa = PBXBuildFile; fileRef = 4AC4896C2742ACBE0026799D /* BaseNavigationController.swift */; };
		4AC4896F2742AD320026799D /* BaseViewController.swift in Sources */ = {isa = PBXBuildFile; fileRef = 4AC4896E2742AD320026799D /* BaseViewController.swift */; };
		4AC489712742AE010026799D /* ChannelTableViewCell.swift in Sources */ = {isa = PBXBuildFile; fileRef = 4AC489702742AE010026799D /* ChannelTableViewCell.swift */; };
		4AC489762742AE860026799D /* UIColor.swift in Sources */ = {isa = PBXBuildFile; fileRef = 4AC489752742AE860026799D /* UIColor.swift */; };
		4AC4897A2742B1080026799D /* NSObject.swift in Sources */ = {isa = PBXBuildFile; fileRef = 4AC489792742B1080026799D /* NSObject.swift */; };
/* End PBXBuildFile section */

/* Begin PBXContainerItemProxy section */
		4AC489342742A1430026799D /* PBXContainerItemProxy */ = {
			isa = PBXContainerItemProxy;
			containerPortal = 4AC489152742A1420026799D /* Project object */;
			proxyType = 1;
			remoteGlobalIDString = 4AC4891C2742A1420026799D;
			remoteInfo = ExChat;
		};
		4AC4893E2742A1430026799D /* PBXContainerItemProxy */ = {
			isa = PBXContainerItemProxy;
			containerPortal = 4AC489152742A1420026799D /* Project object */;
			proxyType = 1;
			remoteGlobalIDString = 4AC4891C2742A1420026799D;
			remoteInfo = ExChat;
		};
/* End PBXContainerItemProxy section */

/* Begin PBXFileReference section */
		4A36305F2742B8F500D4C179 /* Message.swift */ = {isa = PBXFileReference; lastKnownFileType = sourcecode.swift; path = Message.swift; sourceTree = "<group>"; };
		4A3630612742B98D00D4C179 /* ImageMediaItem.swift */ = {isa = PBXFileReference; lastKnownFileType = sourcecode.swift; path = ImageMediaItem.swift; sourceTree = "<group>"; };
		4A4F796D2742E9DC00154F45 /* GoogleService-Info.plist */ = {isa = PBXFileReference; fileEncoding = 4; lastKnownFileType = text.plist.xml; path = "GoogleService-Info.plist"; sourceTree = "<group>"; };
		4A4F79802743668E00154F45 /* ChatFirestoreStream.swift */ = {isa = PBXFileReference; lastKnownFileType = sourcecode.swift; path = ChatFirestoreStream.swift; sourceTree = "<group>"; };
		4A4F798B27436E6100154F45 /* UIImage.swift */ = {isa = PBXFileReference; lastKnownFileType = sourcecode.swift; path = UIImage.swift; sourceTree = "<group>"; };
		4A4F798D2743714C00154F45 /* FirebaseStorageManager.swift */ = {isa = PBXFileReference; lastKnownFileType = sourcecode.swift; path = FirebaseStorageManager.swift; sourceTree = "<group>"; };
		4A4F798F27437B1E00154F45 /* DatabaseRepresentation.swift */ = {isa = PBXFileReference; lastKnownFileType = sourcecode.swift; path = DatabaseRepresentation.swift; sourceTree = "<group>"; };
		4A4F799127437F7D00154F45 /* AppController.swift */ = {isa = PBXFileReference; lastKnownFileType = sourcecode.swift; path = AppController.swift; sourceTree = "<group>"; };
		4A4F79932743882700154F45 /* ChannelFirestoreStream.swift */ = {isa = PBXFileReference; lastKnownFileType = sourcecode.swift; path = ChannelFirestoreStream.swift; sourceTree = "<group>"; };
		4A4F79952743BFFB00154F45 /* UserDefaultManager.swift */ = {isa = PBXFileReference; lastKnownFileType = sourcecode.swift; path = UserDefaultManager.swift; sourceTree = "<group>"; };
		4A4F79972743D83100154F45 /* StreamError.swift */ = {isa = PBXFileReference; lastKnownFileType = sourcecode.swift; path = StreamError.swift; sourceTree = "<group>"; };
		4AC4891D2742A1420026799D /* ExChat.app */ = {isa = PBXFileReference; explicitFileType = wrapper.application; includeInIndex = 0; path = ExChat.app; sourceTree = BUILT_PRODUCTS_DIR; };
		4AC489202742A1420026799D /* AppDelegate.swift */ = {isa = PBXFileReference; lastKnownFileType = sourcecode.swift; path = AppDelegate.swift; sourceTree = "<group>"; };
		4AC489292742A1430026799D /* Assets.xcassets */ = {isa = PBXFileReference; lastKnownFileType = folder.assetcatalog; path = Assets.xcassets; sourceTree = "<group>"; };
		4AC4892C2742A1430026799D /* Base */ = {isa = PBXFileReference; lastKnownFileType = file.storyboard; name = Base; path = Base.lproj/LaunchScreen.storyboard; sourceTree = "<group>"; };
		4AC4892E2742A1430026799D /* Info.plist */ = {isa = PBXFileReference; lastKnownFileType = text.plist.xml; path = Info.plist; sourceTree = "<group>"; };
		4AC489332742A1430026799D /* ExChatTests.xctest */ = {isa = PBXFileReference; explicitFileType = wrapper.cfbundle; includeInIndex = 0; path = ExChatTests.xctest; sourceTree = BUILT_PRODUCTS_DIR; };
		4AC4893D2742A1430026799D /* ExChatUITests.xctest */ = {isa = PBXFileReference; explicitFileType = wrapper.cfbundle; includeInIndex = 0; path = ExChatUITests.xctest; sourceTree = BUILT_PRODUCTS_DIR; };
		4AC489562742A4E00026799D /* ChatVC.swift */ = {isa = PBXFileReference; lastKnownFileType = sourcecode.swift; path = ChatVC.swift; sourceTree = "<group>"; };
		4AC489582742A5730026799D /* Sender.swift */ = {isa = PBXFileReference; lastKnownFileType = sourcecode.swift; path = Sender.swift; sourceTree = "<group>"; };
		4AC489652742AA9B0026799D /* LoginVC.swift */ = {isa = PBXFileReference; lastKnownFileType = sourcecode.swift; path = LoginVC.swift; sourceTree = "<group>"; };
		4AC489672742AB740026799D /* ChannelVC.swift */ = {isa = PBXFileReference; lastKnownFileType = sourcecode.swift; path = ChannelVC.swift; sourceTree = "<group>"; };
		4AC489692742AC020026799D /* Channel.swift */ = {isa = PBXFileReference; lastKnownFileType = sourcecode.swift; path = Channel.swift; sourceTree = "<group>"; };
		4AC4896C2742ACBE0026799D /* BaseNavigationController.swift */ = {isa = PBXFileReference; lastKnownFileType = sourcecode.swift; path = BaseNavigationController.swift; sourceTree = "<group>"; };
		4AC4896E2742AD320026799D /* BaseViewController.swift */ = {isa = PBXFileReference; lastKnownFileType = sourcecode.swift; path = BaseViewController.swift; sourceTree = "<group>"; };
		4AC489702742AE010026799D /* ChannelTableViewCell.swift */ = {isa = PBXFileReference; lastKnownFileType = sourcecode.swift; path = ChannelTableViewCell.swift; sourceTree = "<group>"; };
		4AC489752742AE860026799D /* UIColor.swift */ = {isa = PBXFileReference; lastKnownFileType = sourcecode.swift; path = UIColor.swift; sourceTree = "<group>"; };
		4AC489792742B1080026799D /* NSObject.swift */ = {isa = PBXFileReference; lastKnownFileType = sourcecode.swift; path = NSObject.swift; sourceTree = "<group>"; };
/* End PBXFileReference section */

/* Begin PBXFrameworksBuildPhase section */
		4AC4891A2742A1420026799D /* Frameworks */ = {
			isa = PBXFrameworksBuildPhase;
			buildActionMask = 2147483647;
			files = (
				4AC489522742A1FA0026799D /* MessageKit in Frameworks */,
				4A4F798627436CE600154F45 /* FirebaseFirestore in Frameworks */,
				4A4F798827436CE600154F45 /* FirebaseFirestoreSwift-Beta in Frameworks */,
				4A4F798427436CE600154F45 /* FirebaseAuth in Frameworks */,
				4AC489552742A41B0026799D /* SnapKit in Frameworks */,
				4A4F798A27436CE600154F45 /* FirebaseStorage in Frameworks */,
			);
			runOnlyForDeploymentPostprocessing = 0;
		};
		4AC489302742A1430026799D /* Frameworks */ = {
			isa = PBXFrameworksBuildPhase;
			buildActionMask = 2147483647;
			files = (
			);
			runOnlyForDeploymentPostprocessing = 0;
		};
		4AC4893A2742A1430026799D /* Frameworks */ = {
			isa = PBXFrameworksBuildPhase;
			buildActionMask = 2147483647;
			files = (
			);
			runOnlyForDeploymentPostprocessing = 0;
		};
/* End PBXFrameworksBuildPhase section */

/* Begin PBXGroup section */
		4AC489142742A1420026799D = {
			isa = PBXGroup;
			children = (
				4AC4891F2742A1420026799D /* ExChat */,
				4AC4891E2742A1420026799D /* Products */,
			);
			sourceTree = "<group>";
		};
		4AC4891E2742A1420026799D /* Products */ = {
			isa = PBXGroup;
			children = (
				4AC4891D2742A1420026799D /* ExChat.app */,
				4AC489332742A1430026799D /* ExChatTests.xctest */,
				4AC4893D2742A1430026799D /* ExChatUITests.xctest */,
			);
			name = Products;
			sourceTree = "<group>";
		};
		4AC4891F2742A1420026799D /* ExChat */ = {
			isa = PBXGroup;
			children = (
				4AC4896B2742ACB20026799D /* Component */,
				4AC489632742A9E40026799D /* Model */,
				4AC489622742A9E10026799D /* View */,
				4AC489612742A9DD0026799D /* Controller */,
				4AC489642742A9ED0026799D /* Resource */,
			);
			path = ExChat;
			sourceTree = "<group>";
		};
		4AC489612742A9DD0026799D /* Controller */ = {
			isa = PBXGroup;
			children = (
				4AC489652742AA9B0026799D /* LoginVC.swift */,
				4AC489672742AB740026799D /* ChannelVC.swift */,
				4AC489562742A4E00026799D /* ChatVC.swift */,
			);
			path = Controller;
			sourceTree = "<group>";
		};
		4AC489622742A9E10026799D /* View */ = {
			isa = PBXGroup;
			children = (
				4AC489702742AE010026799D /* ChannelTableViewCell.swift */,
			);
			path = View;
			sourceTree = "<group>";
		};
		4AC489632742A9E40026799D /* Model */ = {
			isa = PBXGroup;
			children = (
				4AC489692742AC020026799D /* Channel.swift */,
				4A36305F2742B8F500D4C179 /* Message.swift */,
				4A3630612742B98D00D4C179 /* ImageMediaItem.swift */,
				4A4F79972743D83100154F45 /* StreamError.swift */,
				4A4F79802743668E00154F45 /* ChatFirestoreStream.swift */,
				4A4F79932743882700154F45 /* ChannelFirestoreStream.swift */,
				4A4F798F27437B1E00154F45 /* DatabaseRepresentation.swift */,
			);
			path = Model;
			sourceTree = "<group>";
		};
		4AC489642742A9ED0026799D /* Resource */ = {
			isa = PBXGroup;
			children = (
				4A4F796D2742E9DC00154F45 /* GoogleService-Info.plist */,
				4AC489202742A1420026799D /* AppDelegate.swift */,
				4AC489582742A5730026799D /* Sender.swift */,
				4AC489292742A1430026799D /* Assets.xcassets */,
				4AC4892B2742A1430026799D /* LaunchScreen.storyboard */,
				4AC4892E2742A1430026799D /* Info.plist */,
			);
			path = Resource;
			sourceTree = "<group>";
		};
		4AC4896B2742ACB20026799D /* Component */ = {
			isa = PBXGroup;
			children = (
				4AC489742742AE810026799D /* Extension */,
				4AC4896C2742ACBE0026799D /* BaseNavigationController.swift */,
				4AC4896E2742AD320026799D /* BaseViewController.swift */,
				4A4F798D2743714C00154F45 /* FirebaseStorageManager.swift */,
				4A4F799127437F7D00154F45 /* AppController.swift */,
				4A4F79952743BFFB00154F45 /* UserDefaultManager.swift */,
			);
			path = Component;
			sourceTree = "<group>";
		};
		4AC489742742AE810026799D /* Extension */ = {
			isa = PBXGroup;
			children = (
				4AC489752742AE860026799D /* UIColor.swift */,
				4AC489792742B1080026799D /* NSObject.swift */,
				4A4F798B27436E6100154F45 /* UIImage.swift */,
			);
			path = Extension;
			sourceTree = "<group>";
		};
/* End PBXGroup section */

/* Begin PBXNativeTarget section */
		4AC4891C2742A1420026799D /* ExChat */ = {
			isa = PBXNativeTarget;
			buildConfigurationList = 4AC489472742A1430026799D /* Build configuration list for PBXNativeTarget "ExChat" */;
			buildPhases = (
				4AC489192742A1420026799D /* Sources */,
				4AC4891A2742A1420026799D /* Frameworks */,
				4AC4891B2742A1420026799D /* Resources */,
			);
			buildRules = (
			);
			dependencies = (
			);
			name = ExChat;
			packageProductDependencies = (
				4AC489512742A1FA0026799D /* MessageKit */,
				4AC489542742A41B0026799D /* SnapKit */,
				4A4F798327436CE600154F45 /* FirebaseAuth */,
				4A4F798527436CE600154F45 /* FirebaseFirestore */,
				4A4F798727436CE600154F45 /* FirebaseFirestoreSwift-Beta */,
				4A4F798927436CE600154F45 /* FirebaseStorage */,
			);
			productName = ExChat;
			productReference = 4AC4891D2742A1420026799D /* ExChat.app */;
			productType = "com.apple.product-type.application";
		};
		4AC489322742A1430026799D /* ExChatTests */ = {
			isa = PBXNativeTarget;
			buildConfigurationList = 4AC4894A2742A1430026799D /* Build configuration list for PBXNativeTarget "ExChatTests" */;
			buildPhases = (
				4AC4892F2742A1430026799D /* Sources */,
				4AC489302742A1430026799D /* Frameworks */,
				4AC489312742A1430026799D /* Resources */,
			);
			buildRules = (
			);
			dependencies = (
				4AC489352742A1430026799D /* PBXTargetDependency */,
			);
			name = ExChatTests;
			productName = ExChatTests;
			productReference = 4AC489332742A1430026799D /* ExChatTests.xctest */;
			productType = "com.apple.product-type.bundle.unit-test";
		};
		4AC4893C2742A1430026799D /* ExChatUITests */ = {
			isa = PBXNativeTarget;
			buildConfigurationList = 4AC4894D2742A1430026799D /* Build configuration list for PBXNativeTarget "ExChatUITests" */;
			buildPhases = (
				4AC489392742A1430026799D /* Sources */,
				4AC4893A2742A1430026799D /* Frameworks */,
				4AC4893B2742A1430026799D /* Resources */,
			);
			buildRules = (
			);
			dependencies = (
				4AC4893F2742A1430026799D /* PBXTargetDependency */,
			);
			name = ExChatUITests;
			productName = ExChatUITests;
			productReference = 4AC4893D2742A1430026799D /* ExChatUITests.xctest */;
			productType = "com.apple.product-type.bundle.ui-testing";
		};
/* End PBXNativeTarget section */

/* Begin PBXProject section */
		4AC489152742A1420026799D /* Project object */ = {
			isa = PBXProject;
			attributes = {
				BuildIndependentTargetsInParallel = 1;
				LastSwiftUpdateCheck = 1310;
				LastUpgradeCheck = 1310;
				TargetAttributes = {
					4AC4891C2742A1420026799D = {
						CreatedOnToolsVersion = 13.1;
					};
					4AC489322742A1430026799D = {
						CreatedOnToolsVersion = 13.1;
						TestTargetID = 4AC4891C2742A1420026799D;
					};
					4AC4893C2742A1430026799D = {
						CreatedOnToolsVersion = 13.1;
						TestTargetID = 4AC4891C2742A1420026799D;
					};
				};
			};
			buildConfigurationList = 4AC489182742A1420026799D /* Build configuration list for PBXProject "ExChat" */;
			compatibilityVersion = "Xcode 13.0";
			developmentRegion = en;
			hasScannedForEncodings = 0;
			knownRegions = (
				en,
				Base,
			);
			mainGroup = 4AC489142742A1420026799D;
			packageReferences = (
				4AC489502742A1FA0026799D /* XCRemoteSwiftPackageReference "MessageKit" */,
				4AC489532742A41B0026799D /* XCRemoteSwiftPackageReference "SnapKit" */,
				4A4F798227436CE600154F45 /* XCRemoteSwiftPackageReference "firebase-ios-sdk" */,
			);
			productRefGroup = 4AC4891E2742A1420026799D /* Products */;
			projectDirPath = "";
			projectRoot = "";
			targets = (
				4AC4891C2742A1420026799D /* ExChat */,
				4AC489322742A1430026799D /* ExChatTests */,
				4AC4893C2742A1430026799D /* ExChatUITests */,
			);
		};
/* End PBXProject section */

/* Begin PBXResourcesBuildPhase section */
		4AC4891B2742A1420026799D /* Resources */ = {
			isa = PBXResourcesBuildPhase;
			buildActionMask = 2147483647;
			files = (
				4AC4892D2742A1430026799D /* LaunchScreen.storyboard in Resources */,
				4A4F796E2742E9DC00154F45 /* GoogleService-Info.plist in Resources */,
				4AC4892A2742A1430026799D /* Assets.xcassets in Resources */,
			);
			runOnlyForDeploymentPostprocessing = 0;
		};
		4AC489312742A1430026799D /* Resources */ = {
			isa = PBXResourcesBuildPhase;
			buildActionMask = 2147483647;
			files = (
			);
			runOnlyForDeploymentPostprocessing = 0;
		};
		4AC4893B2742A1430026799D /* Resources */ = {
			isa = PBXResourcesBuildPhase;
			buildActionMask = 2147483647;
			files = (
			);
			runOnlyForDeploymentPostprocessing = 0;
		};
/* End PBXResourcesBuildPhase section */

/* Begin PBXSourcesBuildPhase section */
		4AC489192742A1420026799D /* Sources */ = {
			isa = PBXSourcesBuildPhase;
			buildActionMask = 2147483647;
			files = (
				4AC489572742A4E00026799D /* ChatVC.swift in Sources */,
				4A3630622742B98D00D4C179 /* ImageMediaItem.swift in Sources */,
				4AC4897A2742B1080026799D /* NSObject.swift in Sources */,
				4A4F798E2743714C00154F45 /* FirebaseStorageManager.swift in Sources */,
				4AC4896A2742AC020026799D /* Channel.swift in Sources */,
				4A4F799227437F7D00154F45 /* AppController.swift in Sources */,
				4AC489212742A1420026799D /* AppDelegate.swift in Sources */,
				4A4F798C27436E6100154F45 /* UIImage.swift in Sources */,
				4AC489662742AA9B0026799D /* LoginVC.swift in Sources */,
				4A4F79812743668E00154F45 /* ChatFirestoreStream.swift in Sources */,
				4A4F799027437B1E00154F45 /* DatabaseRepresentation.swift in Sources */,
				4AC489592742A5730026799D /* Sender.swift in Sources */,
				4AC489712742AE010026799D /* ChannelTableViewCell.swift in Sources */,
				4A4F79982743D83100154F45 /* StreamError.swift in Sources */,
				4A4F79942743882700154F45 /* ChannelFirestoreStream.swift in Sources */,
				4A4F79962743BFFB00154F45 /* UserDefaultManager.swift in Sources */,
				4AC4896D2742ACBE0026799D /* BaseNavigationController.swift in Sources */,
				4AC4896F2742AD320026799D /* BaseViewController.swift in Sources */,
				4A3630602742B8F500D4C179 /* Message.swift in Sources */,
				4AC489682742AB740026799D /* ChannelVC.swift in Sources */,
				4AC489762742AE860026799D /* UIColor.swift in Sources */,
			);
			runOnlyForDeploymentPostprocessing = 0;
		};
		4AC4892F2742A1430026799D /* Sources */ = {
			isa = PBXSourcesBuildPhase;
			buildActionMask = 2147483647;
			files = (
			);
			runOnlyForDeploymentPostprocessing = 0;
		};
		4AC489392742A1430026799D /* Sources */ = {
			isa = PBXSourcesBuildPhase;
			buildActionMask = 2147483647;
			files = (
			);
			runOnlyForDeploymentPostprocessing = 0;
		};
/* End PBXSourcesBuildPhase section */

/* Begin PBXTargetDependency section */
		4AC489352742A1430026799D /* PBXTargetDependency */ = {
			isa = PBXTargetDependency;
			target = 4AC4891C2742A1420026799D /* ExChat */;
			targetProxy = 4AC489342742A1430026799D /* PBXContainerItemProxy */;
		};
		4AC4893F2742A1430026799D /* PBXTargetDependency */ = {
			isa = PBXTargetDependency;
			target = 4AC4891C2742A1420026799D /* ExChat */;
			targetProxy = 4AC4893E2742A1430026799D /* PBXContainerItemProxy */;
		};
/* End PBXTargetDependency section */

/* Begin PBXVariantGroup section */
		4AC4892B2742A1430026799D /* LaunchScreen.storyboard */ = {
			isa = PBXVariantGroup;
			children = (
				4AC4892C2742A1430026799D /* Base */,
			);
			name = LaunchScreen.storyboard;
			sourceTree = "<group>";
		};
/* End PBXVariantGroup section */

/* Begin XCBuildConfiguration section */
		4AC489452742A1430026799D /* Debug */ = {
			isa = XCBuildConfiguration;
			buildSettings = {
				ALWAYS_SEARCH_USER_PATHS = NO;
				CLANG_ANALYZER_NONNULL = YES;
				CLANG_ANALYZER_NUMBER_OBJECT_CONVERSION = YES_AGGRESSIVE;
				CLANG_CXX_LANGUAGE_STANDARD = "gnu++17";
				CLANG_CXX_LIBRARY = "libc++";
				CLANG_ENABLE_MODULES = YES;
				CLANG_ENABLE_OBJC_ARC = YES;
				CLANG_ENABLE_OBJC_WEAK = YES;
				CLANG_WARN_BLOCK_CAPTURE_AUTORELEASING = YES;
				CLANG_WARN_BOOL_CONVERSION = YES;
				CLANG_WARN_COMMA = YES;
				CLANG_WARN_CONSTANT_CONVERSION = YES;
				CLANG_WARN_DEPRECATED_OBJC_IMPLEMENTATIONS = YES;
				CLANG_WARN_DIRECT_OBJC_ISA_USAGE = YES_ERROR;
				CLANG_WARN_DOCUMENTATION_COMMENTS = YES;
				CLANG_WARN_EMPTY_BODY = YES;
				CLANG_WARN_ENUM_CONVERSION = YES;
				CLANG_WARN_INFINITE_RECURSION = YES;
				CLANG_WARN_INT_CONVERSION = YES;
				CLANG_WARN_NON_LITERAL_NULL_CONVERSION = YES;
				CLANG_WARN_OBJC_IMPLICIT_RETAIN_SELF = YES;
				CLANG_WARN_OBJC_LITERAL_CONVERSION = YES;
				CLANG_WARN_OBJC_ROOT_CLASS = YES_ERROR;
				CLANG_WARN_QUOTED_INCLUDE_IN_FRAMEWORK_HEADER = YES;
				CLANG_WARN_RANGE_LOOP_ANALYSIS = YES;
				CLANG_WARN_STRICT_PROTOTYPES = YES;
				CLANG_WARN_SUSPICIOUS_MOVE = YES;
				CLANG_WARN_UNGUARDED_AVAILABILITY = YES_AGGRESSIVE;
				CLANG_WARN_UNREACHABLE_CODE = YES;
				CLANG_WARN__DUPLICATE_METHOD_MATCH = YES;
				COPY_PHASE_STRIP = NO;
				DEBUG_INFORMATION_FORMAT = dwarf;
				ENABLE_STRICT_OBJC_MSGSEND = YES;
				ENABLE_TESTABILITY = YES;
				GCC_C_LANGUAGE_STANDARD = gnu11;
				GCC_DYNAMIC_NO_PIC = NO;
				GCC_NO_COMMON_BLOCKS = YES;
				GCC_OPTIMIZATION_LEVEL = 0;
				GCC_PREPROCESSOR_DEFINITIONS = (
					"DEBUG=1",
					"$(inherited)",
				);
				GCC_WARN_64_TO_32_BIT_CONVERSION = YES;
				GCC_WARN_ABOUT_RETURN_TYPE = YES_ERROR;
				GCC_WARN_UNDECLARED_SELECTOR = YES;
				GCC_WARN_UNINITIALIZED_AUTOS = YES_AGGRESSIVE;
				GCC_WARN_UNUSED_FUNCTION = YES;
				GCC_WARN_UNUSED_VARIABLE = YES;
				IPHONEOS_DEPLOYMENT_TARGET = 15.0;
				MTL_ENABLE_DEBUG_INFO = INCLUDE_SOURCE;
				MTL_FAST_MATH = YES;
				ONLY_ACTIVE_ARCH = YES;
				SDKROOT = iphoneos;
				SWIFT_ACTIVE_COMPILATION_CONDITIONS = DEBUG;
				SWIFT_OPTIMIZATION_LEVEL = "-Onone";
			};
			name = Debug;
		};
		4AC489462742A1430026799D /* Release */ = {
			isa = XCBuildConfiguration;
			buildSettings = {
				ALWAYS_SEARCH_USER_PATHS = NO;
				CLANG_ANALYZER_NONNULL = YES;
				CLANG_ANALYZER_NUMBER_OBJECT_CONVERSION = YES_AGGRESSIVE;
				CLANG_CXX_LANGUAGE_STANDARD = "gnu++17";
				CLANG_CXX_LIBRARY = "libc++";
				CLANG_ENABLE_MODULES = YES;
				CLANG_ENABLE_OBJC_ARC = YES;
				CLANG_ENABLE_OBJC_WEAK = YES;
				CLANG_WARN_BLOCK_CAPTURE_AUTORELEASING = YES;
				CLANG_WARN_BOOL_CONVERSION = YES;
				CLANG_WARN_COMMA = YES;
				CLANG_WARN_CONSTANT_CONVERSION = YES;
				CLANG_WARN_DEPRECATED_OBJC_IMPLEMENTATIONS = YES;
				CLANG_WARN_DIRECT_OBJC_ISA_USAGE = YES_ERROR;
				CLANG_WARN_DOCUMENTATION_COMMENTS = YES;
				CLANG_WARN_EMPTY_BODY = YES;
				CLANG_WARN_ENUM_CONVERSION = YES;
				CLANG_WARN_INFINITE_RECURSION = YES;
				CLANG_WARN_INT_CONVERSION = YES;
				CLANG_WARN_NON_LITERAL_NULL_CONVERSION = YES;
				CLANG_WARN_OBJC_IMPLICIT_RETAIN_SELF = YES;
				CLANG_WARN_OBJC_LITERAL_CONVERSION = YES;
				CLANG_WARN_OBJC_ROOT_CLASS = YES_ERROR;
				CLANG_WARN_QUOTED_INCLUDE_IN_FRAMEWORK_HEADER = YES;
				CLANG_WARN_RANGE_LOOP_ANALYSIS = YES;
				CLANG_WARN_STRICT_PROTOTYPES = YES;
				CLANG_WARN_SUSPICIOUS_MOVE = YES;
				CLANG_WARN_UNGUARDED_AVAILABILITY = YES_AGGRESSIVE;
				CLANG_WARN_UNREACHABLE_CODE = YES;
				CLANG_WARN__DUPLICATE_METHOD_MATCH = YES;
				COPY_PHASE_STRIP = NO;
				DEBUG_INFORMATION_FORMAT = "dwarf-with-dsym";
				ENABLE_NS_ASSERTIONS = NO;
				ENABLE_STRICT_OBJC_MSGSEND = YES;
				GCC_C_LANGUAGE_STANDARD = gnu11;
				GCC_NO_COMMON_BLOCKS = YES;
				GCC_WARN_64_TO_32_BIT_CONVERSION = YES;
				GCC_WARN_ABOUT_RETURN_TYPE = YES_ERROR;
				GCC_WARN_UNDECLARED_SELECTOR = YES;
				GCC_WARN_UNINITIALIZED_AUTOS = YES_AGGRESSIVE;
				GCC_WARN_UNUSED_FUNCTION = YES;
				GCC_WARN_UNUSED_VARIABLE = YES;
				IPHONEOS_DEPLOYMENT_TARGET = 15.0;
				MTL_ENABLE_DEBUG_INFO = NO;
				MTL_FAST_MATH = YES;
				SDKROOT = iphoneos;
				SWIFT_COMPILATION_MODE = wholemodule;
				SWIFT_OPTIMIZATION_LEVEL = "-O";
				VALIDATE_PRODUCT = YES;
			};
			name = Release;
		};
		4AC489482742A1430026799D /* Debug */ = {
			isa = XCBuildConfiguration;
			buildSettings = {
				ASSETCATALOG_COMPILER_APPICON_NAME = AppIcon;
				ASSETCATALOG_COMPILER_GLOBAL_ACCENT_COLOR_NAME = AccentColor;
				CODE_SIGN_STYLE = Automatic;
				CURRENT_PROJECT_VERSION = 1;
				DEVELOPMENT_TEAM = SS7U83UJNK;
				GENERATE_INFOPLIST_FILE = YES;
				INFOPLIST_FILE = ExChat/Resource/Info.plist;
				INFOPLIST_KEY_UIApplicationSupportsIndirectInputEvents = YES;
				INFOPLIST_KEY_UILaunchStoryboardName = LaunchScreen;
				INFOPLIST_KEY_UISupportedInterfaceOrientations_iPad = "UIInterfaceOrientationPortrait UIInterfaceOrientationPortraitUpsideDown UIInterfaceOrientationLandscapeLeft UIInterfaceOrientationLandscapeRight";
				INFOPLIST_KEY_UISupportedInterfaceOrientations_iPhone = "UIInterfaceOrientationPortrait UIInterfaceOrientationLandscapeLeft UIInterfaceOrientationLandscapeRight";
				IPHONEOS_DEPLOYMENT_TARGET = 13.0;
				LD_RUNPATH_SEARCH_PATHS = (
					"$(inherited)",
					"@executable_path/Frameworks",
				);
				MARKETING_VERSION = 1.0;
				PRODUCT_BUNDLE_IDENTIFIER = com.jake.ExChat;
				PRODUCT_NAME = "$(TARGET_NAME)";
				SWIFT_EMIT_LOC_STRINGS = YES;
				SWIFT_VERSION = 5.0;
				TARGETED_DEVICE_FAMILY = "1,2";
			};
			name = Debug;
		};
		4AC489492742A1430026799D /* Release */ = {
			isa = XCBuildConfiguration;
			buildSettings = {
				ASSETCATALOG_COMPILER_APPICON_NAME = AppIcon;
				ASSETCATALOG_COMPILER_GLOBAL_ACCENT_COLOR_NAME = AccentColor;
				CODE_SIGN_STYLE = Automatic;
				CURRENT_PROJECT_VERSION = 1;
				DEVELOPMENT_TEAM = SS7U83UJNK;
				GENERATE_INFOPLIST_FILE = YES;
				INFOPLIST_FILE = ExChat/Resource/Info.plist;
				INFOPLIST_KEY_UIApplicationSupportsIndirectInputEvents = YES;
				INFOPLIST_KEY_UILaunchStoryboardName = LaunchScreen;
				INFOPLIST_KEY_UISupportedInterfaceOrientations_iPad = "UIInterfaceOrientationPortrait UIInterfaceOrientationPortraitUpsideDown UIInterfaceOrientationLandscapeLeft UIInterfaceOrientationLandscapeRight";
				INFOPLIST_KEY_UISupportedInterfaceOrientations_iPhone = "UIInterfaceOrientationPortrait UIInterfaceOrientationLandscapeLeft UIInterfaceOrientationLandscapeRight";
				IPHONEOS_DEPLOYMENT_TARGET = 13.0;
				LD_RUNPATH_SEARCH_PATHS = (
					"$(inherited)",
					"@executable_path/Frameworks",
				);
				MARKETING_VERSION = 1.0;
				PRODUCT_BUNDLE_IDENTIFIER = com.jake.ExChat;
				PRODUCT_NAME = "$(TARGET_NAME)";
				SWIFT_EMIT_LOC_STRINGS = YES;
				SWIFT_VERSION = 5.0;
				TARGETED_DEVICE_FAMILY = "1,2";
			};
			name = Release;
		};
		4AC4894B2742A1430026799D /* Debug */ = {
			isa = XCBuildConfiguration;
			buildSettings = {
				ALWAYS_EMBED_SWIFT_STANDARD_LIBRARIES = YES;
				BUNDLE_LOADER = "$(TEST_HOST)";
				CODE_SIGN_STYLE = Automatic;
				CURRENT_PROJECT_VERSION = 1;
				DEVELOPMENT_TEAM = SS7U83UJNK;
				GENERATE_INFOPLIST_FILE = YES;
				IPHONEOS_DEPLOYMENT_TARGET = 15.0;
				LD_RUNPATH_SEARCH_PATHS = (
					"$(inherited)",
					"@executable_path/Frameworks",
					"@loader_path/Frameworks",
				);
				MARKETING_VERSION = 1.0;
				PRODUCT_BUNDLE_IDENTIFIER = com.jake.ExChatTests;
				PRODUCT_NAME = "$(TARGET_NAME)";
				SWIFT_EMIT_LOC_STRINGS = NO;
				SWIFT_VERSION = 5.0;
				TARGETED_DEVICE_FAMILY = "1,2";
				TEST_HOST = "$(BUILT_PRODUCTS_DIR)/ExChat.app/ExChat";
			};
			name = Debug;
		};
		4AC4894C2742A1430026799D /* Release */ = {
			isa = XCBuildConfiguration;
			buildSettings = {
				ALWAYS_EMBED_SWIFT_STANDARD_LIBRARIES = YES;
				BUNDLE_LOADER = "$(TEST_HOST)";
				CODE_SIGN_STYLE = Automatic;
				CURRENT_PROJECT_VERSION = 1;
				DEVELOPMENT_TEAM = SS7U83UJNK;
				GENERATE_INFOPLIST_FILE = YES;
				IPHONEOS_DEPLOYMENT_TARGET = 15.0;
				LD_RUNPATH_SEARCH_PATHS = (
					"$(inherited)",
					"@executable_path/Frameworks",
					"@loader_path/Frameworks",
				);
				MARKETING_VERSION = 1.0;
				PRODUCT_BUNDLE_IDENTIFIER = com.jake.ExChatTests;
				PRODUCT_NAME = "$(TARGET_NAME)";
				SWIFT_EMIT_LOC_STRINGS = NO;
				SWIFT_VERSION = 5.0;
				TARGETED_DEVICE_FAMILY = "1,2";
				TEST_HOST = "$(BUILT_PRODUCTS_DIR)/ExChat.app/ExChat";
			};
			name = Release;
		};
		4AC4894E2742A1430026799D /* Debug */ = {
			isa = XCBuildConfiguration;
			buildSettings = {
				ALWAYS_EMBED_SWIFT_STANDARD_LIBRARIES = YES;
				CODE_SIGN_STYLE = Automatic;
				CURRENT_PROJECT_VERSION = 1;
				DEVELOPMENT_TEAM = SS7U83UJNK;
				GENERATE_INFOPLIST_FILE = YES;
				LD_RUNPATH_SEARCH_PATHS = (
					"$(inherited)",
					"@executable_path/Frameworks",
					"@loader_path/Frameworks",
				);
				MARKETING_VERSION = 1.0;
				PRODUCT_BUNDLE_IDENTIFIER = com.jake.ExChatUITests;
				PRODUCT_NAME = "$(TARGET_NAME)";
				SWIFT_EMIT_LOC_STRINGS = NO;
				SWIFT_VERSION = 5.0;
				TARGETED_DEVICE_FAMILY = "1,2";
				TEST_TARGET_NAME = ExChat;
			};
			name = Debug;
		};
		4AC4894F2742A1430026799D /* Release */ = {
			isa = XCBuildConfiguration;
			buildSettings = {
				ALWAYS_EMBED_SWIFT_STANDARD_LIBRARIES = YES;
				CODE_SIGN_STYLE = Automatic;
				CURRENT_PROJECT_VERSION = 1;
				DEVELOPMENT_TEAM = SS7U83UJNK;
				GENERATE_INFOPLIST_FILE = YES;
				LD_RUNPATH_SEARCH_PATHS = (
					"$(inherited)",
					"@executable_path/Frameworks",
					"@loader_path/Frameworks",
				);
				MARKETING_VERSION = 1.0;
				PRODUCT_BUNDLE_IDENTIFIER = com.jake.ExChatUITests;
				PRODUCT_NAME = "$(TARGET_NAME)";
				SWIFT_EMIT_LOC_STRINGS = NO;
				SWIFT_VERSION = 5.0;
				TARGETED_DEVICE_FAMILY = "1,2";
				TEST_TARGET_NAME = ExChat;
			};
			name = Release;
		};
/* End XCBuildConfiguration section */

/* Begin XCConfigurationList section */
		4AC489182742A1420026799D /* Build configuration list for PBXProject "ExChat" */ = {
			isa = XCConfigurationList;
			buildConfigurations = (
				4AC489452742A1430026799D /* Debug */,
				4AC489462742A1430026799D /* Release */,
			);
			defaultConfigurationIsVisible = 0;
			defaultConfigurationName = Release;
		};
		4AC489472742A1430026799D /* Build configuration list for PBXNativeTarget "ExChat" */ = {
			isa = XCConfigurationList;
			buildConfigurations = (
				4AC489482742A1430026799D /* Debug */,
				4AC489492742A1430026799D /* Release */,
			);
			defaultConfigurationIsVisible = 0;
			defaultConfigurationName = Release;
		};
		4AC4894A2742A1430026799D /* Build configuration list for PBXNativeTarget "ExChatTests" */ = {
			isa = XCConfigurationList;
			buildConfigurations = (
				4AC4894B2742A1430026799D /* Debug */,
				4AC4894C2742A1430026799D /* Release */,
			);
			defaultConfigurationIsVisible = 0;
			defaultConfigurationName = Release;
		};
		4AC4894D2742A1430026799D /* Build configuration list for PBXNativeTarget "ExChatUITests" */ = {
			isa = XCConfigurationList;
			buildConfigurations = (
				4AC4894E2742A1430026799D /* Debug */,
				4AC4894F2742A1430026799D /* Release */,
			);
			defaultConfigurationIsVisible = 0;
			defaultConfigurationName = Release;
		};
/* End XCConfigurationList section */

/* Begin XCRemoteSwiftPackageReference section */
		4A4F798227436CE600154F45 /* XCRemoteSwiftPackageReference "firebase-ios-sdk" */ = {
			isa = XCRemoteSwiftPackageReference;
			repositoryURL = "https://github.com/firebase/firebase-ios-sdk.git";
			requirement = {
				branch = master;
				kind = branch;
			};
		};
		4AC489502742A1FA0026799D /* XCRemoteSwiftPackageReference "MessageKit" */ = {
			isa = XCRemoteSwiftPackageReference;
			repositoryURL = "https://github.com/MessageKit/MessageKit";
			requirement = {
				kind = upToNextMajorVersion;
				minimumVersion = 3.0.0;
			};
		};
		4AC489532742A41B0026799D /* XCRemoteSwiftPackageReference "SnapKit" */ = {
			isa = XCRemoteSwiftPackageReference;
			repositoryURL = "https://github.com/SnapKit/SnapKit.git";
			requirement = {
				branch = develop;
				kind = branch;
			};
		};
/* End XCRemoteSwiftPackageReference section */

/* Begin XCSwiftPackageProductDependency section */
		4A4F798327436CE600154F45 /* FirebaseAuth */ = {
			isa = XCSwiftPackageProductDependency;
			package = 4A4F798227436CE600154F45 /* XCRemoteSwiftPackageReference "firebase-ios-sdk" */;
			productName = FirebaseAuth;
		};
		4A4F798527436CE600154F45 /* FirebaseFirestore */ = {
			isa = XCSwiftPackageProductDependency;
			package = 4A4F798227436CE600154F45 /* XCRemoteSwiftPackageReference "firebase-ios-sdk" */;
			productName = FirebaseFirestore;
		};
		4A4F798727436CE600154F45 /* FirebaseFirestoreSwift-Beta */ = {
			isa = XCSwiftPackageProductDependency;
			package = 4A4F798227436CE600154F45 /* XCRemoteSwiftPackageReference "firebase-ios-sdk" */;
			productName = "FirebaseFirestoreSwift-Beta";
		};
		4A4F798927436CE600154F45 /* FirebaseStorage */ = {
			isa = XCSwiftPackageProductDependency;
			package = 4A4F798227436CE600154F45 /* XCRemoteSwiftPackageReference "firebase-ios-sdk" */;
			productName = FirebaseStorage;
		};
		4AC489512742A1FA0026799D /* MessageKit */ = {
			isa = XCSwiftPackageProductDependency;
			package = 4AC489502742A1FA0026799D /* XCRemoteSwiftPackageReference "MessageKit" */;
			productName = MessageKit;
		};
		4AC489542742A41B0026799D /* SnapKit */ = {
			isa = XCSwiftPackageProductDependency;
			package = 4AC489532742A41B0026799D /* XCRemoteSwiftPackageReference "SnapKit" */;
			productName = SnapKit;
		};
/* End XCSwiftPackageProductDependency section */
	};
	rootObject = 4AC489152742A1420026799D /* Project object */;
}
