// !$*UTF8*$!
{
	archiveVersion = 1;
	classes = {
	};
	objectVersion = 55;
	objects = {

/* Begin PBXBuildFile section */
		4AC489212742A1420026799D /* AppDelegate.swift in Sources */ = {isa = PBXBuildFile; fileRef = 4AC489202742A1420026799D /* AppDelegate.swift */; };
		4AC489232742A1420026799D /* SceneDelegate.swift in Sources */ = {isa = PBXBuildFile; fileRef = 4AC489222742A1420026799D /* SceneDelegate.swift */; };
		4AC489252742A1420026799D /* ViewController.swift in Sources */ = {isa = PBXBuildFile; fileRef = 4AC489242742A1420026799D /* ViewController.swift */; };
		4AC489282742A1420026799D /* Main.storyboard in Resources */ = {isa = PBXBuildFile; fileRef = 4AC489262742A1420026799D /* Main.storyboard */; };
		4AC4892A2742A1430026799D /* Assets.xcassets in Resources */ = {isa = PBXBuildFile; fileRef = 4AC489292742A1430026799D /* Assets.xcassets */; };
		4AC4892D2742A1430026799D /* LaunchScreen.storyboard in Resources */ = {isa = PBXBuildFile; fileRef = 4AC4892B2742A1430026799D /* LaunchScreen.storyboard */; };
		4AC489382742A1430026799D /* ExChatTests.swift in Sources */ = {isa = PBXBuildFile; fileRef = 4AC489372742A1430026799D /* ExChatTests.swift */; };
		4AC489422742A1430026799D /* ExChatUITests.swift in Sources */ = {isa = PBXBuildFile; fileRef = 4AC489412742A1430026799D /* ExChatUITests.swift */; };
		4AC489442742A1430026799D /* ExChatUITestsLaunchTests.swift in Sources */ = {isa = PBXBuildFile; fileRef = 4AC489432742A1430026799D /* ExChatUITestsLaunchTests.swift */; };
/* End PBXBuildFile section */

/* Begin PBXContainerItemProxy section */
		4AC489342742A1430026799D /* PBXContainerItemProxy */ = {
			isa = PBXContainerItemProxy;
			containerPortal = 4AC489152742A1420026799D /* Project object */;
			proxyType = 1;
			remoteGlobalIDString = 4AC4891C2742A1420026799D;
			remoteInfo = ExChat;
		};
		4AC4893E2742A1430026799D /* PBXContainerItemProxy */ = {
			isa = PBXContainerItemProxy;
			containerPortal = 4AC489152742A1420026799D /* Project object */;
			proxyType = 1;
			remoteGlobalIDString = 4AC4891C2742A1420026799D;
			remoteInfo = ExChat;
		};
/* End PBXContainerItemProxy section */

/* Begin PBXFileReference section */
		4AC4891D2742A1420026799D /* ExChat.app */ = {isa = PBXFileReference; explicitFileType = wrapper.application; includeInIndex = 0; path = ExChat.app; sourceTree = BUILT_PRODUCTS_DIR; };
		4AC489202742A1420026799D /* AppDelegate.swift */ = {isa = PBXFileReference; lastKnownFileType = sourcecode.swift; path = AppDelegate.swift; sourceTree = "<group>"; };
		4AC489222742A1420026799D /* SceneDelegate.swift */ = {isa = PBXFileReference; lastKnownFileType = sourcecode.swift; path = SceneDelegate.swift; sourceTree = "<group>"; };
		4AC489242742A1420026799D /* ViewController.swift */ = {isa = PBXFileReference; lastKnownFileType = sourcecode.swift; path = ViewController.swift; sourceTree = "<group>"; };
		4AC489272742A1420026799D /* Base */ = {isa = PBXFileReference; lastKnownFileType = file.storyboard; name = Base; path = Base.lproj/Main.storyboard; sourceTree = "<group>"; };
		4AC489292742A1430026799D /* Assets.xcassets */ = {isa = PBXFileReference; lastKnownFileType = folder.assetcatalog; path = Assets.xcassets; sourceTree = "<group>"; };
		4AC4892C2742A1430026799D /* Base */ = {isa = PBXFileReference; lastKnownFileType = file.storyboard; name = Base; path = Base.lproj/LaunchScreen.storyboard; sourceTree = "<group>"; };
		4AC4892E2742A1430026799D /* Info.plist */ = {isa = PBXFileReference; lastKnownFileType = text.plist.xml; path = Info.plist; sourceTree = "<group>"; };
		4AC489332742A1430026799D /* ExChatTests.xctest */ = {isa = PBXFileReference; explicitFileType = wrapper.cfbundle; includeInIndex = 0; path = ExChatTests.xctest; sourceTree = BUILT_PRODUCTS_DIR; };
		4AC489372742A1430026799D /* ExChatTests.swift */ = {isa = PBXFileReference; lastKnownFileType = sourcecode.swift; path = ExChatTests.swift; sourceTree = "<group>"; };
		4AC4893D2742A1430026799D /* ExChatUITests.xctest */ = {isa = PBXFileReference; explicitFileType = wrapper.cfbundle; includeInIndex = 0; path = ExChatUITests.xctest; sourceTree = BUILT_PRODUCTS_DIR; };
		4AC489412742A1430026799D /* ExChatUITests.swift */ = {isa = PBXFileReference; lastKnownFileType = sourcecode.swift; path = ExChatUITests.swift; sourceTree = "<group>"; };
		4AC489432742A1430026799D /* ExChatUITestsLaunchTests.swift */ = {isa = PBXFileReference; lastKnownFileType = sourcecode.swift; path = ExChatUITestsLaunchTests.swift; sourceTree = "<group>"; };
/* End PBXFileReference section */

/* Begin PBXFrameworksBuildPhase section */
		4AC4891A2742A1420026799D /* Frameworks */ = {
			isa = PBXFrameworksBuildPhase;
			buildActionMask = 2147483647;
			files = (
			);
			runOnlyForDeploymentPostprocessing = 0;
		};
		4AC489302742A1430026799D /* Frameworks */ = {
			isa = PBXFrameworksBuildPhase;
			buildActionMask = 2147483647;
			files = (
			);
			runOnlyForDeploymentPostprocessing = 0;
		};
		4AC4893A2742A1430026799D /* Frameworks */ = {
			isa = PBXFrameworksBuildPhase;
			buildActionMask = 2147483647;
			files = (
			);
			runOnlyForDeploymentPostprocessing = 0;
		};
/* End PBXFrameworksBuildPhase section */

/* Begin PBXGroup section */
		4AC489142742A1420026799D = {
			isa = PBXGroup;
			children = (
				4AC4891F2742A1420026799D /* ExChat */,
				4AC489362742A1430026799D /* ExChatTests */,
				4AC489402742A1430026799D /* ExChatUITests */,
				4AC4891E2742A1420026799D /* Products */,
			);
			sourceTree = "<group>";
		};
		4AC4891E2742A1420026799D /* Products */ = {
			isa = PBXGroup;
			children = (
				4AC4891D2742A1420026799D /* ExChat.app */,
				4AC489332742A1430026799D /* ExChatTests.xctest */,
				4AC4893D2742A1430026799D /* ExChatUITests.xctest */,
			);
			name = Products;
			sourceTree = "<group>";
		};
		4AC4891F2742A1420026799D /* ExChat */ = {
			isa = PBXGroup;
			children = (
				4AC489202742A1420026799D /* AppDelegate.swift */,
				4AC489222742A1420026799D /* SceneDelegate.swift */,
				4AC489242742A1420026799D /* ViewController.swift */,
				4AC489262742A1420026799D /* Main.storyboard */,
				4AC489292742A1430026799D /* Assets.xcassets */,
				4AC4892B2742A1430026799D /* LaunchScreen.storyboard */,
				4AC4892E2742A1430026799D /* Info.plist */,
			);
			path = ExChat;
			sourceTree = "<group>";
		};
		4AC489362742A1430026799D /* ExChatTests */ = {
			isa = PBXGroup;
			children = (
				4AC489372742A1430026799D /* ExChatTests.swift */,
			);
			path = ExChatTests;
			sourceTree = "<group>";
		};
		4AC489402742A1430026799D /* ExChatUITests */ = {
			isa = PBXGroup;
			children = (
				4AC489412742A1430026799D /* ExChatUITests.swift */,
				4AC489432742A1430026799D /* ExChatUITestsLaunchTests.swift */,
			);
			path = ExChatUITests;
			sourceTree = "<group>";
		};
/* End PBXGroup section */

/* Begin PBXNativeTarget section */
		4AC4891C2742A1420026799D /* ExChat */ = {
			isa = PBXNativeTarget;
			buildConfigurationList = 4AC489472742A1430026799D /* Build configuration list for PBXNativeTarget "ExChat" */;
			buildPhases = (
				4AC489192742A1420026799D /* Sources */,
				4AC4891A2742A1420026799D /* Frameworks */,
				4AC4891B2742A1420026799D /* Resources */,
			);
			buildRules = (
			);
			dependencies = (
			);
			name = ExChat;
			productName = ExChat;
			productReference = 4AC4891D2742A1420026799D /* ExChat.app */;
			productType = "com.apple.product-type.application";
		};
		4AC489322742A1430026799D /* ExChatTests */ = {
			isa = PBXNativeTarget;
			buildConfigurationList = 4AC4894A2742A1430026799D /* Build configuration list for PBXNativeTarget "ExChatTests" */;
			buildPhases = (
				4AC4892F2742A1430026799D /* Sources */,
				4AC489302742A1430026799D /* Frameworks */,
				4AC489312742A1430026799D /* Resources */,
			);
			buildRules = (
			);
			dependencies = (
				4AC489352742A1430026799D /* PBXTargetDependency */,
			);
			name = ExChatTests;
			productName = ExChatTests;
			productReference = 4AC489332742A1430026799D /* ExChatTests.xctest */;
			productType = "com.apple.product-type.bundle.unit-test";
		};
		4AC4893C2742A1430026799D /* ExChatUITests */ = {
			isa = PBXNativeTarget;
			buildConfigurationList = 4AC4894D2742A1430026799D /* Build configuration list for PBXNativeTarget "ExChatUITests" */;
			buildPhases = (
				4AC489392742A1430026799D /* Sources */,
				4AC4893A2742A1430026799D /* Frameworks */,
				4AC4893B2742A1430026799D /* Resources */,
			);
			buildRules = (
			);
			dependencies = (
				4AC4893F2742A1430026799D /* PBXTargetDependency */,
			);
			name = ExChatUITests;
			productName = ExChatUITests;
			productReference = 4AC4893D2742A1430026799D /* ExChatUITests.xctest */;
			productType = "com.apple.product-type.bundle.ui-testing";
		};
/* End PBXNativeTarget section */

/* Begin PBXProject section */
		4AC489152742A1420026799D /* Project object */ = {
			isa = PBXProject;
			attributes = {
				BuildIndependentTargetsInParallel = 1;
				LastSwiftUpdateCheck = 1310;
				LastUpgradeCheck = 1310;
				TargetAttributes = {
					4AC4891C2742A1420026799D = {
						CreatedOnToolsVersion = 13.1;
					};
					4AC489322742A1430026799D = {
						CreatedOnToolsVersion = 13.1;
						TestTargetID = 4AC4891C2742A1420026799D;
					};
					4AC4893C2742A1430026799D = {
						CreatedOnToolsVersion = 13.1;
						TestTargetID = 4AC4891C2742A1420026799D;
					};
				};
			};
			buildConfigurationList = 4AC489182742A1420026799D /* Build configuration list for PBXProject "ExChat" */;
			compatibilityVersion = "Xcode 13.0";
			developmentRegion = en;
			hasScannedForEncodings = 0;
			knownRegions = (
				en,
				Base,
			);
			mainGroup = 4AC489142742A1420026799D;
			productRefGroup = 4AC4891E2742A1420026799D /* Products */;
			projectDirPath = "";
			projectRoot = "";
			targets = (
				4AC4891C2742A1420026799D /* ExChat */,
				4AC489322742A1430026799D /* ExChatTests */,
				4AC4893C2742A1430026799D /* ExChatUITests */,
			);
		};
/* End PBXProject section */

/* Begin PBXResourcesBuildPhase section */
		4AC4891B2742A1420026799D /* Resources */ = {
			isa = PBXResourcesBuildPhase;
			buildActionMask = 2147483647;
			files = (
				4AC4892D2742A1430026799D /* LaunchScreen.storyboard in Resources */,
				4AC4892A2742A1430026799D /* Assets.xcassets in Resources */,
				4AC489282742A1420026799D /* Main.storyboard in Resources */,
			);
			runOnlyForDeploymentPostprocessing = 0;
		};
		4AC489312742A1430026799D /* Resources */ = {
			isa = PBXResourcesBuildPhase;
			buildActionMask = 2147483647;
			files = (
			);
			runOnlyForDeploymentPostprocessing = 0;
		};
		4AC4893B2742A1430026799D /* Resources */ = {
			isa = PBXResourcesBuildPhase;
			buildActionMask = 2147483647;
			files = (
			);
			runOnlyForDeploymentPostprocessing = 0;
		};
/* End PBXResourcesBuildPhase section */

/* Begin PBXSourcesBuildPhase section */
		4AC489192742A1420026799D /* Sources */ = {
			isa = PBXSourcesBuildPhase;
			buildActionMask = 2147483647;
			files = (
				4AC489252742A1420026799D /* ViewController.swift in Sources */,
				4AC489212742A1420026799D /* AppDelegate.swift in Sources */,
				4AC489232742A1420026799D /* SceneDelegate.swift in Sources */,
			);
			runOnlyForDeploymentPostprocessing = 0;
		};
		4AC4892F2742A1430026799D /* Sources */ = {
			isa = PBXSourcesBuildPhase;
			buildActionMask = 2147483647;
			files = (
				4AC489382742A1430026799D /* ExChatTests.swift in Sources */,
			);
			runOnlyForDeploymentPostprocessing = 0;
		};
		4AC489392742A1430026799D /* Sources */ = {
			isa = PBXSourcesBuildPhase;
			buildActionMask = 2147483647;
			files = (
				4AC489422742A1430026799D /* ExChatUITests.swift in Sources */,
				4AC489442742A1430026799D /* ExChatUITestsLaunchTests.swift in Sources */,
			);
			runOnlyForDeploymentPostprocessing = 0;
		};
/* End PBXSourcesBuildPhase section */

/* Begin PBXTargetDependency section */
		4AC489352742A1430026799D /* PBXTargetDependency */ = {
			isa = PBXTargetDependency;
			target = 4AC4891C2742A1420026799D /* ExChat */;
			targetProxy = 4AC489342742A1430026799D /* PBXContainerItemProxy */;
		};
		4AC4893F2742A1430026799D /* PBXTargetDependency */ = {
			isa = PBXTargetDependency;
			target = 4AC4891C2742A1420026799D /* ExChat */;
			targetProxy = 4AC4893E2742A1430026799D /* PBXContainerItemProxy */;
		};
/* End PBXTargetDependency section */

/* Begin PBXVariantGroup section */
		4AC489262742A1420026799D /* Main.storyboard */ = {
			isa = PBXVariantGroup;
			children = (
				4AC489272742A1420026799D /* Base */,
			);
			name = Main.storyboard;
			sourceTree = "<group>";
		};
		4AC4892B2742A1430026799D /* LaunchScreen.storyboard */ = {
			isa = PBXVariantGroup;
			children = (
				4AC4892C2742A1430026799D /* Base */,
			);
			name = LaunchScreen.storyboard;
			sourceTree = "<group>";
		};
/* End PBXVariantGroup section */

/* Begin XCBuildConfiguration section */
		4AC489452742A1430026799D /* Debug */ = {
			isa = XCBuildConfiguration;
			buildSettings = {
				ALWAYS_SEARCH_USER_PATHS = NO;
				CLANG_ANALYZER_NONNULL = YES;
				CLANG_ANALYZER_NUMBER_OBJECT_CONVERSION = YES_AGGRESSIVE;
				CLANG_CXX_LANGUAGE_STANDARD = "gnu++17";
				CLANG_CXX_LIBRARY = "libc++";
				CLANG_ENABLE_MODULES = YES;
				CLANG_ENABLE_OBJC_ARC = YES;
				CLANG_ENABLE_OBJC_WEAK = YES;
				CLANG_WARN_BLOCK_CAPTURE_AUTORELEASING = YES;
				CLANG_WARN_BOOL_CONVERSION = YES;
				CLANG_WARN_COMMA = YES;
				CLANG_WARN_CONSTANT_CONVERSION = YES;
				CLANG_WARN_DEPRECATED_OBJC_IMPLEMENTATIONS = YES;
				CLANG_WARN_DIRECT_OBJC_ISA_USAGE = YES_ERROR;
				CLANG_WARN_DOCUMENTATION_COMMENTS = YES;
				CLANG_WARN_EMPTY_BODY = YES;
				CLANG_WARN_ENUM_CONVERSION = YES;
				CLANG_WARN_INFINITE_RECURSION = YES;
				CLANG_WARN_INT_CONVERSION = YES;
				CLANG_WARN_NON_LITERAL_NULL_CONVERSION = YES;
				CLANG_WARN_OBJC_IMPLICIT_RETAIN_SELF = YES;
				CLANG_WARN_OBJC_LITERAL_CONVERSION = YES;
				CLANG_WARN_OBJC_ROOT_CLASS = YES_ERROR;
				CLANG_WARN_QUOTED_INCLUDE_IN_FRAMEWORK_HEADER = YES;
				CLANG_WARN_RANGE_LOOP_ANALYSIS = YES;
				CLANG_WARN_STRICT_PROTOTYPES = YES;
				CLANG_WARN_SUSPICIOUS_MOVE = YES;
				CLANG_WARN_UNGUARDED_AVAILABILITY = YES_AGGRESSIVE;
				CLANG_WARN_UNREACHABLE_CODE = YES;
				CLANG_WARN__DUPLICATE_METHOD_MATCH = YES;
				COPY_PHASE_STRIP = NO;
				DEBUG_INFORMATION_FORMAT = dwarf;
				ENABLE_STRICT_OBJC_MSGSEND = YES;
				ENABLE_TESTABILITY = YES;
				GCC_C_LANGUAGE_STANDARD = gnu11;
				GCC_DYNAMIC_NO_PIC = NO;
				GCC_NO_COMMON_BLOCKS = YES;
				GCC_OPTIMIZATION_LEVEL = 0;
				GCC_PREPROCESSOR_DEFINITIONS = (
					"DEBUG=1",
					"$(inherited)",
				);
				GCC_WARN_64_TO_32_BIT_CONVERSION = YES;
				GCC_WARN_ABOUT_RETURN_TYPE = YES_ERROR;
				GCC_WARN_UNDECLARED_SELECTOR = YES;
				GCC_WARN_UNINITIALIZED_AUTOS = YES_AGGRESSIVE;
				GCC_WARN_UNUSED_FUNCTION = YES;
				GCC_WARN_UNUSED_VARIABLE = YES;
				IPHONEOS_DEPLOYMENT_TARGET = 15.0;
				MTL_ENABLE_DEBUG_INFO = INCLUDE_SOURCE;
				MTL_FAST_MATH = YES;
				ONLY_ACTIVE_ARCH = YES;
				SDKROOT = iphoneos;
				SWIFT_ACTIVE_COMPILATION_CONDITIONS = DEBUG;
				SWIFT_OPTIMIZATION_LEVEL = "-Onone";
			};
			name = Debug;
		};
		4AC489462742A1430026799D /* Release */ = {
			isa = XCBuildConfiguration;
			buildSettings = {
				ALWAYS_SEARCH_USER_PATHS = NO;
				CLANG_ANALYZER_NONNULL = YES;
				CLANG_ANALYZER_NUMBER_OBJECT_CONVERSION = YES_AGGRESSIVE;
				CLANG_CXX_LANGUAGE_STANDARD = "gnu++17";
				CLANG_CXX_LIBRARY = "libc++";
				CLANG_ENABLE_MODULES = YES;
				CLANG_ENABLE_OBJC_ARC = YES;
				CLANG_ENABLE_OBJC_WEAK = YES;
				CLANG_WARN_BLOCK_CAPTURE_AUTORELEASING = YES;
				CLANG_WARN_BOOL_CONVERSION = YES;
				CLANG_WARN_COMMA = YES;
				CLANG_WARN_CONSTANT_CONVERSION = YES;
				CLANG_WARN_DEPRECATED_OBJC_IMPLEMENTATIONS = YES;
				CLANG_WARN_DIRECT_OBJC_ISA_USAGE = YES_ERROR;
				CLANG_WARN_DOCUMENTATION_COMMENTS = YES;
				CLANG_WARN_EMPTY_BODY = YES;
				CLANG_WARN_ENUM_CONVERSION = YES;
				CLANG_WARN_INFINITE_RECURSION = YES;
				CLANG_WARN_INT_CONVERSION = YES;
				CLANG_WARN_NON_LITERAL_NULL_CONVERSION = YES;
				CLANG_WARN_OBJC_IMPLICIT_RETAIN_SELF = YES;
				CLANG_WARN_OBJC_LITERAL_CONVERSION = YES;
				CLANG_WARN_OBJC_ROOT_CLASS = YES_ERROR;
				CLANG_WARN_QUOTED_INCLUDE_IN_FRAMEWORK_HEADER = YES;
				CLANG_WARN_RANGE_LOOP_ANALYSIS = YES;
				CLANG_WARN_STRICT_PROTOTYPES = YES;
				CLANG_WARN_SUSPICIOUS_MOVE = YES;
				CLANG_WARN_UNGUARDED_AVAILABILITY = YES_AGGRESSIVE;
				CLANG_WARN_UNREACHABLE_CODE = YES;
				CLANG_WARN__DUPLICATE_METHOD_MATCH = YES;
				COPY_PHASE_STRIP = NO;
				DEBUG_INFORMATION_FORMAT = "dwarf-with-dsym";
				ENABLE_NS_ASSERTIONS = NO;
				ENABLE_STRICT_OBJC_MSGSEND = YES;
				GCC_C_LANGUAGE_STANDARD = gnu11;
				GCC_NO_COMMON_BLOCKS = YES;
				GCC_WARN_64_TO_32_BIT_CONVERSION = YES;
				GCC_WARN_ABOUT_RETURN_TYPE = YES_ERROR;
				GCC_WARN_UNDECLARED_SELECTOR = YES;
				GCC_WARN_UNINITIALIZED_AUTOS = YES_AGGRESSIVE;
				GCC_WARN_UNUSED_FUNCTION = YES;
				GCC_WARN_UNUSED_VARIABLE = YES;
				IPHONEOS_DEPLOYMENT_TARGET = 15.0;
				MTL_ENABLE_DEBUG_INFO = NO;
				MTL_FAST_MATH = YES;
				SDKROOT = iphoneos;
				SWIFT_COMPILATION_MODE = wholemodule;
				SWIFT_OPTIMIZATION_LEVEL = "-O";
				VALIDATE_PRODUCT = YES;
			};
			name = Release;
		};
		4AC489482742A1430026799D /* Debug */ = {
			isa = XCBuildConfiguration;
			buildSettings = {
				ASSETCATALOG_COMPILER_APPICON_NAME = AppIcon;
				ASSETCATALOG_COMPILER_GLOBAL_ACCENT_COLOR_NAME = AccentColor;
				CODE_SIGN_STYLE = Automatic;
				CURRENT_PROJECT_VERSION = 1;
				DEVELOPMENT_TEAM = SS7U83UJNK;
				GENERATE_INFOPLIST_FILE = YES;
				INFOPLIST_FILE = ExChat/Info.plist;
				INFOPLIST_KEY_UIApplicationSupportsIndirectInputEvents = YES;
				INFOPLIST_KEY_UILaunchStoryboardName = LaunchScreen;
				INFOPLIST_KEY_UIMainStoryboardFile = Main;
				INFOPLIST_KEY_UISupportedInterfaceOrientations_iPad = "UIInterfaceOrientationPortrait UIInterfaceOrientationPortraitUpsideDown UIInterfaceOrientationLandscapeLeft UIInterfaceOrientationLandscapeRight";
				INFOPLIST_KEY_UISupportedInterfaceOrientations_iPhone = "UIInterfaceOrientationPortrait UIInterfaceOrientationLandscapeLeft UIInterfaceOrientationLandscapeRight";
				LD_RUNPATH_SEARCH_PATHS = (
					"$(inherited)",
					"@executable_path/Frameworks",
				);
				MARKETING_VERSION = 1.0;
				PRODUCT_BUNDLE_IDENTIFIER = com.jake.ExChat;
				PRODUCT_NAME = "$(TARGET_NAME)";
				SWIFT_EMIT_LOC_STRINGS = YES;
				SWIFT_VERSION = 5.0;
				TARGETED_DEVICE_FAMILY = "1,2";
			};
			name = Debug;
		};
		4AC489492742A1430026799D /* Release */ = {
			isa = XCBuildConfiguration;
			buildSettings = {
				ASSETCATALOG_COMPILER_APPICON_NAME = AppIcon;
				ASSETCATALOG_COMPILER_GLOBAL_ACCENT_COLOR_NAME = AccentColor;
				CODE_SIGN_STYLE = Automatic;
				CURRENT_PROJECT_VERSION = 1;
				DEVELOPMENT_TEAM = SS7U83UJNK;
				GENERATE_INFOPLIST_FILE = YES;
				INFOPLIST_FILE = ExChat/Info.plist;
				INFOPLIST_KEY_UIApplicationSupportsIndirectInputEvents = YES;
				INFOPLIST_KEY_UILaunchStoryboardName = LaunchScreen;
				INFOPLIST_KEY_UIMainStoryboardFile = Main;
				INFOPLIST_KEY_UISupportedInterfaceOrientations_iPad = "UIInterfaceOrientationPortrait UIInterfaceOrientationPortraitUpsideDown UIInterfaceOrientationLandscapeLeft UIInterfaceOrientationLandscapeRight";
				INFOPLIST_KEY_UISupportedInterfaceOrientations_iPhone = "UIInterfaceOrientationPortrait UIInterfaceOrientationLandscapeLeft UIInterfaceOrientationLandscapeRight";
				LD_RUNPATH_SEARCH_PATHS = (
					"$(inherited)",
					"@executable_path/Frameworks",
				);
				MARKETING_VERSION = 1.0;
				PRODUCT_BUNDLE_IDENTIFIER = com.jake.ExChat;
				PRODUCT_NAME = "$(TARGET_NAME)";
				SWIFT_EMIT_LOC_STRINGS = YES;
				SWIFT_VERSION = 5.0;
				TARGETED_DEVICE_FAMILY = "1,2";
			};
			name = Release;
		};
		4AC4894B2742A1430026799D /* Debug */ = {
			isa = XCBuildConfiguration;
			buildSettings = {
				ALWAYS_EMBED_SWIFT_STANDARD_LIBRARIES = YES;
				BUNDLE_LOADER = "$(TEST_HOST)";
				CODE_SIGN_STYLE = Automatic;
				CURRENT_PROJECT_VERSION = 1;
				DEVELOPMENT_TEAM = SS7U83UJNK;
				GENERATE_INFOPLIST_FILE = YES;
				IPHONEOS_DEPLOYMENT_TARGET = 15.0;
				LD_RUNPATH_SEARCH_PATHS = (
					"$(inherited)",
					"@executable_path/Frameworks",
					"@loader_path/Frameworks",
				);
				MARKETING_VERSION = 1.0;
				PRODUCT_BUNDLE_IDENTIFIER = com.jake.ExChatTests;
				PRODUCT_NAME = "$(TARGET_NAME)";
				SWIFT_EMIT_LOC_STRINGS = NO;
				SWIFT_VERSION = 5.0;
				TARGETED_DEVICE_FAMILY = "1,2";
				TEST_HOST = "$(BUILT_PRODUCTS_DIR)/ExChat.app/ExChat";
			};
			name = Debug;
		};
		4AC4894C2742A1430026799D /* Release */ = {
			isa = XCBuildConfiguration;
			buildSettings = {
				ALWAYS_EMBED_SWIFT_STANDARD_LIBRARIES = YES;
				BUNDLE_LOADER = "$(TEST_HOST)";
				CODE_SIGN_STYLE = Automatic;
				CURRENT_PROJECT_VERSION = 1;
				DEVELOPMENT_TEAM = SS7U83UJNK;
				GENERATE_INFOPLIST_FILE = YES;
				IPHONEOS_DEPLOYMENT_TARGET = 15.0;
				LD_RUNPATH_SEARCH_PATHS = (
					"$(inherited)",
					"@executable_path/Frameworks",
					"@loader_path/Frameworks",
				);
				MARKETING_VERSION = 1.0;
				PRODUCT_BUNDLE_IDENTIFIER = com.jake.ExChatTests;
				PRODUCT_NAME = "$(TARGET_NAME)";
				SWIFT_EMIT_LOC_STRINGS = NO;
				SWIFT_VERSION = 5.0;
				TARGETED_DEVICE_FAMILY = "1,2";
				TEST_HOST = "$(BUILT_PRODUCTS_DIR)/ExChat.app/ExChat";
			};
			name = Release;
		};
		4AC4894E2742A1430026799D /* Debug */ = {
			isa = XCBuildConfiguration;
			buildSettings = {
				ALWAYS_EMBED_SWIFT_STANDARD_LIBRARIES = YES;
				CODE_SIGN_STYLE = Automatic;
				CURRENT_PROJECT_VERSION = 1;
				DEVELOPMENT_TEAM = SS7U83UJNK;
				GENERATE_INFOPLIST_FILE = YES;
				LD_RUNPATH_SEARCH_PATHS = (
					"$(inherited)",
					"@executable_path/Frameworks",
					"@loader_path/Frameworks",
				);
				MARKETING_VERSION = 1.0;
				PRODUCT_BUNDLE_IDENTIFIER = com.jake.ExChatUITests;
				PRODUCT_NAME = "$(TARGET_NAME)";
				SWIFT_EMIT_LOC_STRINGS = NO;
				SWIFT_VERSION = 5.0;
				TARGETED_DEVICE_FAMILY = "1,2";
				TEST_TARGET_NAME = ExChat;
			};
			name = Debug;
		};
		4AC4894F2742A1430026799D /* Release */ = {
			isa = XCBuildConfiguration;
			buildSettings = {
				ALWAYS_EMBED_SWIFT_STANDARD_LIBRARIES = YES;
				CODE_SIGN_STYLE = Automatic;
				CURRENT_PROJECT_VERSION = 1;
				DEVELOPMENT_TEAM = SS7U83UJNK;
				GENERATE_INFOPLIST_FILE = YES;
				LD_RUNPATH_SEARCH_PATHS = (
					"$(inherited)",
					"@executable_path/Frameworks",
					"@loader_path/Frameworks",
				);
				MARKETING_VERSION = 1.0;
				PRODUCT_BUNDLE_IDENTIFIER = com.jake.ExChatUITests;
				PRODUCT_NAME = "$(TARGET_NAME)";
				SWIFT_EMIT_LOC_STRINGS = NO;
				SWIFT_VERSION = 5.0;
				TARGETED_DEVICE_FAMILY = "1,2";
				TEST_TARGET_NAME = ExChat;
			};
			name = Release;
		};
/* End XCBuildConfiguration section */

/* Begin XCConfigurationList section */
		4AC489182742A1420026799D /* Build configuration list for PBXProject "ExChat" */ = {
			isa = XCConfigurationList;
			buildConfigurations = (
				4AC489452742A1430026799D /* Debug */,
				4AC489462742A1430026799D /* Release */,
			);
			defaultConfigurationIsVisible = 0;
			defaultConfigurationName = Release;
		};
		4AC489472742A1430026799D /* Build configuration list for PBXNativeTarget "ExChat" */ = {
			isa = XCConfigurationList;
			buildConfigurations = (
				4AC489482742A1430026799D /* Debug */,
				4AC489492742A1430026799D /* Release */,
			);
			defaultConfigurationIsVisible = 0;
			defaultConfigurationName = Release;
		};
		4AC4894A2742A1430026799D /* Build configuration list for PBXNativeTarget "ExChatTests" */ = {
			isa = XCConfigurationList;
			buildConfigurations = (
				4AC4894B2742A1430026799D /* Debug */,
				4AC4894C2742A1430026799D /* Release */,
			);
			defaultConfigurationIsVisible = 0;
			defaultConfigurationName = Release;
		};
		4AC4894D2742A1430026799D /* Build configuration list for PBXNativeTarget "ExChatUITests" */ = {
			isa = XCConfigurationList;
			buildConfigurations = (
				4AC4894E2742A1430026799D /* Debug */,
				4AC4894F2742A1430026799D /* Release */,
			);
			defaultConfigurationIsVisible = 0;
			defaultConfigurationName = Release;
		};
/* End XCConfigurationList section */
	};
	rootObject = 4AC489152742A1420026799D /* Project object */;
}
